github.com/bahlo/generic-list-go v0.2.0 h1:5sz/EEAK+ls5wF+NeqDpk5+iNdMDXrh3z3nPnH1Wvgk=
github.com/bahlo/generic-list-go v0.2.0/go.mod h1:2KvAjgMlE5NNynlg/5iLrrCCZ2+5xWbdbCW3pNTGyYg=
github.com/buger/jsonparser v1.1.2 h1:frqHqw7otoVbk5M8LlE/L7HTnIq2v9RX6EJ48i9AxJk=
github.com/buger/jsonparser v1.1.2/go.mod h1:6RYKKt7H4d4+iWqouImQ9R2FZql3VbhNgx27UK13J/0=
github.com/davecgh/go-spew v1.1.1 h1:vj9j/u1bqnvCEfJOwUhtlOARqs3+rkHYY13jYWTU97c=
github.com/davecgh/go-spew v1.1.1/go.mod h1:J7Y8YcW2NihsgmVo/mv3lAwl/skON4iLHjSsI+c5H38=
github.com/lucasjones/reggen v0.0.0-20200904144131-37ba4fa293bb h1:w1g9wNDIE/pHSTmAaUhv4TZQuPBS6GV3mMz5hkgziIU=
github.com/lucasjones/reggen v0.0.0-20200904144131-37ba4fa293bb/go.mod h1:5ELEyG+X8f+meRWHuqUOewBOhvHkl7M76pdGEansxW4=
github.com/pb33f/go-yaml v0.1.0 h1:zZ6Gg+ATbumXlXZNLMHIe7+zTkVqe20lx+TSYRrXEuY=
github.com/pb33f/go-yaml v0.1.0/go.mod h1:QvWdkHP5VjFYAeHMQUkaPQqREaQnBNOXmWzAjNrnSdo=
github.com/pb33f/jsonpath v0.8.4-0.20260925231916-26d48cf3f299 h1:x04O3y1QU8UiB03hTgG+Dp5mDkQnTP0U0cqpwuLiSXY=
github.com/pb33f/jsonpath v0.8.4-0.20260925231916-26d48cf3f299/go.mod h1:s+rQ5wbH83r4LrYduwl7684dWdbe/wZxofDfsEBTjOQ=
github.com/pb33f/ordered-map/v2 v2.3.2-0.20260925212319-68eb83f73514 h1:ve0gsLzyoTTQpoAY7s7P44PfNZdaCj+KOJsSkWBo7v8=
github.com/pb33f/ordered-map/v2 v2.3.2-0.20260925212319-68eb83f73514/go.mod h1:1OhFrXu3OYw3kM+FXF+Ug3ugmmZ9LE8z0JfQMLvtV0w=
github.com/pb33f/testify v0.1.1-0.20260925212250-5ea68ea2552a h1:qrIXONcz5ihFluqfoC1dWwNKTo/Tt9ZemkR+62RVEyU=
github.com/pb33f/testify v0.1.1-0.20260925212250-5ea68ea2552a/go.mod h1:keghMqOLECF1ENzESnfM+cwPcKN5uhTOpvbtjgL6aZg=
github.com/pmezard/go-difflib v1.0.0 h1:4DBwDE0NGyQoBHbLQYPwSUPoCMWR5BEzIk/f1lZbAQM=
github.com/pmezard/go-difflib v1.0.0/go.mod h1:iKH77koFhYxTK1pcRnkKkqfTogsbg7gZNVY4sRDYZ/4=
github.com/stretchr/testify v1.11.1 h1:7s2iGBzp5EwR7/aIZr8ao5+dra3wiQyKjjFuvgVKu7U=
github.com/stretchr/testify v1.11.1/go.mod h1:wZwfW3scLgRK+23gO65QZefKpKQRnfz6sD981Nm4B6U=
golang.org/x/sync v0.23.0 h1:KameEIfc1IkluZyXWLn39Wd4tURc6GbCiISGiZm2bQk=
golang.org/x/sync v0.23.0/go.mod h1:sUUOizhqBxiL6pEWpqNLUiaJn1ShEbZ6BBqskPbjZm0=
gopkg.in/yaml.v3 v3.0.1 h1:fxVm/GzAzEWqLHuvctI91KS9hhNmmWOoWu0XTYJS7CA=
gopkg.in/yaml.v3 v3.0.1/go.mod h1:K4uyk7z7BCEPqu6E+C64Yfv1cQ7kz7rIZviUmN+EgEM=
